%{"elixir_make": {:hex, :elixir_make, "0.4.0", "992f38fabe705bb45821a728f20914c554b276838433349d4f2341f7a687cddf", [:mix], []},
  "nerves_runtime": {:hex, :nerves_runtime, "0.4.1", "47985a7c4a79f4374bf42760192ce7b49b87859538836052037f0ce2b8b7dc4d", [:make, :mix], [{:elixir_make, "~> 0.4", [hex: :elixir_make, optional: false]}, {:system_registry, "~> 0.3", [hex: :system_registry, optional: false]}]},
  "system_registry": {:hex, :system_registry, "0.4.0", "d8a7267005418efd8291df327153ae6f11badcb7a8827dd00ed59dc9abb3f9a6", [:mix], []}}
